// !$*UTF8*$!
{
	archiveVersion = 1;
	classes = {
	};
	objectVersion = 55;
	objects = {

/* Begin PBXBuildFile section */
		B46CA26D2768AB0200842CC0 /* AppDelegate.swift in Sources */ = {isa = PBXBuildFile; fileRef = B46CA26C2768AB0200842CC0 /* AppDelegate.swift */; };
		B46CA26F2768AB0200842CC0 /* SceneDelegate.swift in Sources */ = {isa = PBXBuildFile; fileRef = B46CA26E2768AB0200842CC0 /* SceneDelegate.swift */; };
		B46CA2712768AB0200842CC0 /* ViewController.swift in Sources */ = {isa = PBXBuildFile; fileRef = B46CA2702768AB0200842CC0 /* ViewController.swift */; };
		B46CA2742768AB0300842CC0 /* Main.storyboard in Resources */ = {isa = PBXBuildFile; fileRef = B46CA2722768AB0300842CC0 /* Main.storyboard */; };
		B46CA2762768AB1500842CC0 /* Assets.xcassets in Resources */ = {isa = PBXBuildFile; fileRef = B46CA2752768AB1500842CC0 /* Assets.xcassets */; };
		B46CA2792768AB1500842CC0 /* LaunchScreen.storyboard in Resources */ = {isa = PBXBuildFile; fileRef = B46CA2772768AB1500842CC0 /* LaunchScreen.storyboard */; };
		B46CA2842768AB1700842CC0 /* BioAuthTests.swift in Sources */ = {isa = PBXBuildFile; fileRef = B46CA2832768AB1700842CC0 /* BioAuthTests.swift */; };
		B46CA28E2768AB1700842CC0 /* BioAuthUITests.swift in Sources */ = {isa = PBXBuildFile; fileRef = B46CA28D2768AB1700842CC0 /* BioAuthUITests.swift */; };
		B46CA2902768AB1700842CC0 /* BioAuthUITestsLaunchTests.swift in Sources */ = {isa = PBXBuildFile; fileRef = B46CA28F2768AB1700842CC0 /* BioAuthUITestsLaunchTests.swift */; };
		B46CA29E2768AE2200842CC0 /* LocalAuthentication.framework in Frameworks */ = {isa = PBXBuildFile; fileRef = B46CA29D2768AE2200842CC0 /* LocalAuthentication.framework */; };
/* End PBXBuildFile section */

/* Begin PBXContainerItemProxy section */
		B46CA2802768AB1600842CC0 /* PBXContainerItemProxy */ = {
			isa = PBXContainerItemProxy;
			containerPortal = B46CA2612768AB0000842CC0 /* Project object */;
			proxyType = 1;
			remoteGlobalIDString = B46CA2682768AB0100842CC0;
			remoteInfo = BioAuth;
		};
		B46CA28A2768AB1700842CC0 /* PBXContainerItemProxy */ = {
			isa = PBXContainerItemProxy;
			containerPortal = B46CA2612768AB0000842CC0 /* Project object */;
			proxyType = 1;
			remoteGlobalIDString = B46CA2682768AB0100842CC0;
			remoteInfo = BioAuth;
		};
/* End PBXContainerItemProxy section */

/* Begin PBXFileReference section */
		B46CA2692768AB0200842CC0 /* BioAuth.app */ = {isa = PBXFileReference; explicitFileType = wrapper.application; includeInIndex = 0; path = BioAuth.app; sourceTree = BUILT_PRODUCTS_DIR; };
		B46CA26C2768AB0200842CC0 /* AppDelegate.swift */ = {isa = PBXFileReference; lastKnownFileType = sourcecode.swift; path = AppDelegate.swift; sourceTree = "<group>"; };
		B46CA26E2768AB0200842CC0 /* SceneDelegate.swift */ = {isa = PBXFileReference; lastKnownFileType = sourcecode.swift; path = SceneDelegate.swift; sourceTree = "<group>"; };
		B46CA2702768AB0200842CC0 /* ViewController.swift */ = {isa = PBXFileReference; lastKnownFileType = sourcecode.swift; path = ViewController.swift; sourceTree = "<group>"; };
		B46CA2732768AB0300842CC0 /* Base */ = {isa = PBXFileReference; lastKnownFileType = file.storyboard; name = Base; path = Base.lproj/Main.storyboard; sourceTree = "<group>"; };
		B46CA2752768AB1500842CC0 /* Assets.xcassets */ = {isa = PBXFileReference; lastKnownFileType = folder.assetcatalog; path = Assets.xcassets; sourceTree = "<group>"; };
		B46CA2782768AB1500842CC0 /* Base */ = {isa = PBXFileReference; lastKnownFileType = file.storyboard; name = Base; path = Base.lproj/LaunchScreen.storyboard; sourceTree = "<group>"; };
		B46CA27A2768AB1600842CC0 /* Info.plist */ = {isa = PBXFileReference; lastKnownFileType = text.plist.xml; path = Info.plist; sourceTree = "<group>"; };
		B46CA27F2768AB1600842CC0 /* BioAuthTests.xctest */ = {isa = PBXFileReference; explicitFileType = wrapper.cfbundle; includeInIndex = 0; path = BioAuthTests.xctest; sourceTree = BUILT_PRODUCTS_DIR; };
		B46CA2832768AB1700842CC0 /* BioAuthTests.swift */ = {isa = PBXFileReference; lastKnownFileType = sourcecode.swift; path = BioAuthTests.swift; sourceTree = "<group>"; };
		B46CA2892768AB1700842CC0 /* BioAuthUITests.xctest */ = {isa = PBXFileReference; explicitFileType = wrapper.cfbundle; includeInIndex = 0; path = BioAuthUITests.xctest; sourceTree = BUILT_PRODUCTS_DIR; };
		B46CA28D2768AB1700842CC0 /* BioAuthUITests.swift */ = {isa = PBXFileReference; lastKnownFileType = sourcecode.swift; path = BioAuthUITests.swift; sourceTree = "<group>"; };
		B46CA28F2768AB1700842CC0 /* BioAuthUITestsLaunchTests.swift */ = {isa = PBXFileReference; lastKnownFileType = sourcecode.swift; path = BioAuthUITestsLaunchTests.swift; sourceTree = "<group>"; };
		B46CA29D2768AE2200842CC0 /* LocalAuthentication.framework */ = {isa = PBXFileReference; lastKnownFileType = wrapper.framework; name = LocalAuthentication.framework; path = System/Library/Frameworks/LocalAuthentication.framework; sourceTree = SDKROOT; };
/* End PBXFileReference section */

/* Begin PBXFrameworksBuildPhase section */
		B46CA2662768AB0100842CC0 /* Frameworks */ = {
			isa = PBXFrameworksBuildPhase;
			buildActionMask = 2147483647;
			files = (
				B46CA29E2768AE2200842CC0 /* LocalAuthentication.framework in Frameworks */,
			);
			runOnlyForDeploymentPostprocessing = 0;
		};
		B46CA27C2768AB1600842CC0 /* Frameworks */ = {
			isa = PBXFrameworksBuildPhase;
			buildActionMask = 2147483647;
			files = (
			);
			runOnlyForDeploymentPostprocessing = 0;
		};
		B46CA2862768AB1700842CC0 /* Frameworks */ = {
			isa = PBXFrameworksBuildPhase;
			buildActionMask = 2147483647;
			files = (
			);
			runOnlyForDeploymentPostprocessing = 0;
		};
/* End PBXFrameworksBuildPhase section */

/* Begin PBXGroup section */
		B46CA2602768AB0000842CC0 = {
			isa = PBXGroup;
			children = (
				B46CA26B2768AB0200842CC0 /* BioAuth */,
				B46CA2822768AB1700842CC0 /* BioAuthTests */,
				B46CA28C2768AB1700842CC0 /* BioAuthUITests */,
				B46CA26A2768AB0200842CC0 /* Products */,
				B46CA29C2768AE2000842CC0 /* Frameworks */,
			);
			sourceTree = "<group>";
		};
		B46CA26A2768AB0200842CC0 /* Products */ = {
			isa = PBXGroup;
			children = (
				B46CA2692768AB0200842CC0 /* BioAuth.app */,
				B46CA27F2768AB1600842CC0 /* BioAuthTests.xctest */,
				B46CA2892768AB1700842CC0 /* BioAuthUITests.xctest */,
			);
			name = Products;
			sourceTree = "<group>";
		};
		B46CA26B2768AB0200842CC0 /* BioAuth */ = {
			isa = PBXGroup;
			children = (
				B46CA26C2768AB0200842CC0 /* AppDelegate.swift */,
				B46CA26E2768AB0200842CC0 /* SceneDelegate.swift */,
				B46CA2702768AB0200842CC0 /* ViewController.swift */,
				B46CA2722768AB0300842CC0 /* Main.storyboard */,
				B46CA2752768AB1500842CC0 /* Assets.xcassets */,
				B46CA2772768AB1500842CC0 /* LaunchScreen.storyboard */,
				B46CA27A2768AB1600842CC0 /* Info.plist */,
			);
			path = BioAuth;
			sourceTree = "<group>";
		};
		B46CA2822768AB1700842CC0 /* BioAuthTests */ = {
			isa = PBXGroup;
			children = (
				B46CA2832768AB1700842CC0 /* BioAuthTests.swift */,
			);
			path = BioAuthTests;
			sourceTree = "<group>";
		};
		B46CA28C2768AB1700842CC0 /* BioAuthUITests */ = {
			isa = PBXGroup;
			children = (
				B46CA28D2768AB1700842CC0 /* BioAuthUITests.swift */,
				B46CA28F2768AB1700842CC0 /* BioAuthUITestsLaunchTests.swift */,
			);
			path = BioAuthUITests;
			sourceTree = "<group>";
		};
		B46CA29C2768AE2000842CC0 /* Frameworks */ = {
			isa = PBXGroup;
			children = (
				B46CA29D2768AE2200842CC0 /* LocalAuthentication.framework */,
			);
			name = Frameworks;
			sourceTree = "<group>";
		};
/* End PBXGroup section */

/* Begin PBXNativeTarget section */
		B46CA2682768AB0100842CC0 /* BioAuth */ = {
			isa = PBXNativeTarget;
			buildConfigurationList = B46CA2932768AB1700842CC0 /* Build configuration list for PBXNativeTarget "BioAuth" */;
			buildPhases = (
				B46CA2652768AB0100842CC0 /* Sources */,
				B46CA2662768AB0100842CC0 /* Frameworks */,
				B46CA2672768AB0100842CC0 /* Resources */,
			);
			buildRules = (
			);
			dependencies = (
			);
			name = BioAuth;
			productName = BioAuth;
			productReference = B46CA2692768AB0200842CC0 /* BioAuth.app */;
			productType = "com.apple.product-type.application";
		};
		B46CA27E2768AB1600842CC0 /* BioAuthTests */ = {
			isa = PBXNativeTarget;
			buildConfigurationList = B46CA2962768AB1700842CC0 /* Build configuration list for PBXNativeTarget "BioAuthTests" */;
			buildPhases = (
				B46CA27B2768AB1600842CC0 /* Sources */,
				B46CA27C2768AB1600842CC0 /* Frameworks */,
				B46CA27D2768AB1600842CC0 /* Resources */,
			);
			buildRules = (
			);
			dependencies = (
				B46CA2812768AB1600842CC0 /* PBXTargetDependency */,
			);
			name = BioAuthTests;
			productName = BioAuthTests;
			productReference = B46CA27F2768AB1600842CC0 /* BioAuthTests.xctest */;
			productType = "com.apple.product-type.bundle.unit-test";
		};
		B46CA2882768AB1700842CC0 /* BioAuthUITests */ = {
			isa = PBXNativeTarget;
			buildConfigurationList = B46CA2992768AB1700842CC0 /* Build configuration list for PBXNativeTarget "BioAuthUITests" */;
			buildPhases = (
				B46CA2852768AB1700842CC0 /* Sources */,
				B46CA2862768AB1700842CC0 /* Frameworks */,
				B46CA2872768AB1700842CC0 /* Resources */,
			);
			buildRules = (
			);
			dependencies = (
				B46CA28B2768AB1700842CC0 /* PBXTargetDependency */,
			);
			name = BioAuthUITests;
			productName = BioAuthUITests;
			productReference = B46CA2892768AB1700842CC0 /* BioAuthUITests.xctest */;
			productType = "com.apple.product-type.bundle.ui-testing";
		};
/* End PBXNativeTarget section */

/* Begin PBXProject section */
		B46CA2612768AB0000842CC0 /* Project object */ = {
			isa = PBXProject;
			attributes = {
				BuildIndependentTargetsInParallel = 1;
				LastSwiftUpdateCheck = 1310;
				LastUpgradeCheck = 1310;
				TargetAttributes = {
					B46CA2682768AB0100842CC0 = {
						CreatedOnToolsVersion = 13.1;
					};
					B46CA27E2768AB1600842CC0 = {
						CreatedOnToolsVersion = 13.1;
						TestTargetID = B46CA2682768AB0100842CC0;
					};
					B46CA2882768AB1700842CC0 = {
						CreatedOnToolsVersion = 13.1;
						TestTargetID = B46CA2682768AB0100842CC0;
					};
				};
			};
			buildConfigurationList = B46CA2642768AB0000842CC0 /* Build configuration list for PBXProject "BioAuth" */;
			compatibilityVersion = "Xcode 13.0";
			developmentRegion = en;
			hasScannedForEncodings = 0;
			knownRegions = (
				en,
				Base,
			);
			mainGroup = B46CA2602768AB0000842CC0;
			productRefGroup = B46CA26A2768AB0200842CC0 /* Products */;
			projectDirPath = "";
			projectRoot = "";
			targets = (
				B46CA2682768AB0100842CC0 /* BioAuth */,
				B46CA27E2768AB1600842CC0 /* BioAuthTests */,
				B46CA2882768AB1700842CC0 /* BioAuthUITests */,
			);
		};
/* End PBXProject section */

/* Begin PBXResourcesBuildPhase section */
		B46CA2672768AB0100842CC0 /* Resources */ = {
			isa = PBXResourcesBuildPhase;
			buildActionMask = 2147483647;
			files = (
				B46CA2792768AB1500842CC0 /* LaunchScreen.storyboard in Resources */,
				B46CA2762768AB1500842CC0 /* Assets.xcassets in Resources */,
				B46CA2742768AB0300842CC0 /* Main.storyboard in Resources */,
			);
			runOnlyForDeploymentPostprocessing = 0;
		};
		B46CA27D2768AB1600842CC0 /* Resources */ = {
			isa = PBXResourcesBuildPhase;
			buildActionMask = 2147483647;
			files = (
			);
			runOnlyForDeploymentPostprocessing = 0;
		};
		B46CA2872768AB1700842CC0 /* Resources */ = {
			isa = PBXResourcesBuildPhase;
			buildActionMask = 2147483647;
			files = (
			);
			runOnlyForDeploymentPostprocessing = 0;
		};
/* End PBXResourcesBuildPhase section */

/* Begin PBXSourcesBuildPhase section */
		B46CA2652768AB0100842CC0 /* Sources */ = {
			isa = PBXSourcesBuildPhase;
			buildActionMask = 2147483647;
			files = (
				B46CA2712768AB0200842CC0 /* ViewController.swift in Sources */,
				B46CA26D2768AB0200842CC0 /* AppDelegate.swift in Sources */,
				B46CA26F2768AB0200842CC0 /* SceneDelegate.swift in Sources */,
			);
			runOnlyForDeploymentPostprocessing = 0;
		};
		B46CA27B2768AB1600842CC0 /* Sources */ = {
			isa = PBXSourcesBuildPhase;
			buildActionMask = 2147483647;
			files = (
				B46CA2842768AB1700842CC0 /* BioAuthTests.swift in Sources */,
			);
			runOnlyForDeploymentPostprocessing = 0;
		};
		B46CA2852768AB1700842CC0 /* Sources */ = {
			isa = PBXSourcesBuildPhase;
			buildActionMask = 2147483647;
			files = (
				B46CA28E2768AB1700842CC0 /* BioAuthUITests.swift in Sources */,
				B46CA2902768AB1700842CC0 /* BioAuthUITestsLaunchTests.swift in Sources */,
			);
			runOnlyForDeploymentPostprocessing = 0;
		};
/* End PBXSourcesBuildPhase section */

/* Begin PBXTargetDependency section */
		B46CA2812768AB1600842CC0 /* PBXTargetDependency */ = {
			isa = PBXTargetDependency;
			target = B46CA2682768AB0100842CC0 /* BioAuth */;
			targetProxy = B46CA2802768AB1600842CC0 /* PBXContainerItemProxy */;
		};
		B46CA28B2768AB1700842CC0 /* PBXTargetDependency */ = {
			isa = PBXTargetDependency;
			target = B46CA2682768AB0100842CC0 /* BioAuth */;
			targetProxy = B46CA28A2768AB1700842CC0 /* PBXContainerItemProxy */;
		};
/* End PBXTargetDependency section */

/* Begin PBXVariantGroup section */
		B46CA2722768AB0300842CC0 /* Main.storyboard */ = {
			isa = PBXVariantGroup;
			children = (
				B46CA2732768AB0300842CC0 /* Base */,
			);
			name = Main.storyboard;
			sourceTree = "<group>";
		};
		B46CA2772768AB1500842CC0 /* LaunchScreen.storyboard */ = {
			isa = PBXVariantGroup;
			children = (
				B46CA2782768AB1500842CC0 /* Base */,
			);
			name = LaunchScreen.storyboard;
			sourceTree = "<group>";
		};
/* End PBXVariantGroup section */

/* Begin XCBuildConfiguration section */
		B46CA2912768AB1700842CC0 /* Debug */ = {
			isa = XCBuildConfiguration;
			buildSettings = {
				ALWAYS_SEARCH_USER_PATHS = NO;
				CLANG_ANALYZER_NONNULL = YES;
				CLANG_ANALYZER_NUMBER_OBJECT_CONVERSION = YES_AGGRESSIVE;
				CLANG_CXX_LANGUAGE_STANDARD = "gnu++17";
				CLANG_CXX_LIBRARY = "libc++";
				CLANG_ENABLE_MODULES = YES;
				CLANG_ENABLE_OBJC_ARC = YES;
				CLANG_ENABLE_OBJC_WEAK = YES;
				CLANG_WARN_BLOCK_CAPTURE_AUTORELEASING = YES;
				CLANG_WARN_BOOL_CONVERSION = YES;
				CLANG_WARN_COMMA = YES;
				CLANG_WARN_CONSTANT_CONVERSION = YES;
				CLANG_WARN_DEPRECATED_OBJC_IMPLEMENTATIONS = YES;
				CLANG_WARN_DIRECT_OBJC_ISA_USAGE = YES_ERROR;
				CLANG_WARN_DOCUMENTATION_COMMENTS = YES;
				CLANG_WARN_EMPTY_BODY = YES;
				CLANG_WARN_ENUM_CONVERSION = YES;
				CLANG_WARN_INFINITE_RECURSION = YES;
				CLANG_WARN_INT_CONVERSION = YES;
				CLANG_WARN_NON_LITERAL_NULL_CONVERSION = YES;
				CLANG_WARN_OBJC_IMPLICIT_RETAIN_SELF = YES;
				CLANG_WARN_OBJC_LITERAL_CONVERSION = YES;
				CLANG_WARN_OBJC_ROOT_CLASS = YES_ERROR;
				CLANG_WARN_QUOTED_INCLUDE_IN_FRAMEWORK_HEADER = YES;
				CLANG_WARN_RANGE_LOOP_ANALYSIS = YES;
				CLANG_WARN_STRICT_PROTOTYPES = YES;
				CLANG_WARN_SUSPICIOUS_MOVE = YES;
				CLANG_WARN_UNGUARDED_AVAILABILITY = YES_AGGRESSIVE;
				CLANG_WARN_UNREACHABLE_CODE = YES;
				CLANG_WARN__DUPLICATE_METHOD_MATCH = YES;
				COPY_PHASE_STRIP = NO;
				DEBUG_INFORMATION_FORMAT = dwarf;
				ENABLE_STRICT_OBJC_MSGSEND = YES;
				ENABLE_TESTABILITY = YES;
				GCC_C_LANGUAGE_STANDARD = gnu11;
				GCC_DYNAMIC_NO_PIC = NO;
				GCC_NO_COMMON_BLOCKS = YES;
				GCC_OPTIMIZATION_LEVEL = 0;
				GCC_PREPROCESSOR_DEFINITIONS = (
					"DEBUG=1",
					"$(inherited)",
				);
				GCC_WARN_64_TO_32_BIT_CONVERSION = YES;
				GCC_WARN_ABOUT_RETURN_TYPE = YES_ERROR;
				GCC_WARN_UNDECLARED_SELECTOR = YES;
				GCC_WARN_UNINITIALIZED_AUTOS = YES_AGGRESSIVE;
				GCC_WARN_UNUSED_FUNCTION = YES;
				GCC_WARN_UNUSED_VARIABLE = YES;
				IPHONEOS_DEPLOYMENT_TARGET = 15.0;
				MTL_ENABLE_DEBUG_INFO = INCLUDE_SOURCE;
				MTL_FAST_MATH = YES;
				ONLY_ACTIVE_ARCH = YES;
				SDKROOT = iphoneos;
				SWIFT_ACTIVE_COMPILATION_CONDITIONS = DEBUG;
				SWIFT_OPTIMIZATION_LEVEL = "-Onone";
			};
			name = Debug;
		};
		B46CA2922768AB1700842CC0 /* Release */ = {
			isa = XCBuildConfiguration;
			buildSettings = {
				ALWAYS_SEARCH_USER_PATHS = NO;
				CLANG_ANALYZER_NONNULL = YES;
				CLANG_ANALYZER_NUMBER_OBJECT_CONVERSION = YES_AGGRESSIVE;
				CLANG_CXX_LANGUAGE_STANDARD = "gnu++17";
				CLANG_CXX_LIBRARY = "libc++";
				CLANG_ENABLE_MODULES = YES;
				CLANG_ENABLE_OBJC_ARC = YES;
				CLANG_ENABLE_OBJC_WEAK = YES;
				CLANG_WARN_BLOCK_CAPTURE_AUTORELEASING = YES;
				CLANG_WARN_BOOL_CONVERSION = YES;
				CLANG_WARN_COMMA = YES;
				CLANG_WARN_CONSTANT_CONVERSION = YES;
				CLANG_WARN_DEPRECATED_OBJC_IMPLEMENTATIONS = YES;
				CLANG_WARN_DIRECT_OBJC_ISA_USAGE = YES_ERROR;
				CLANG_WARN_DOCUMENTATION_COMMENTS = YES;
				CLANG_WARN_EMPTY_BODY = YES;
				CLANG_WARN_ENUM_CONVERSION = YES;
				CLANG_WARN_INFINITE_RECURSION = YES;
				CLANG_WARN_INT_CONVERSION = YES;
				CLANG_WARN_NON_LITERAL_NULL_CONVERSION = YES;
				CLANG_WARN_OBJC_IMPLICIT_RETAIN_SELF = YES;
				CLANG_WARN_OBJC_LITERAL_CONVERSION = YES;
				CLANG_WARN_OBJC_ROOT_CLASS = YES_ERROR;
				CLANG_WARN_QUOTED_INCLUDE_IN_FRAMEWORK_HEADER = YES;
				CLANG_WARN_RANGE_LOOP_ANALYSIS = YES;
				CLANG_WARN_STRICT_PROTOTYPES = YES;
				CLANG_WARN_SUSPICIOUS_MOVE = YES;
				CLANG_WARN_UNGUARDED_AVAILABILITY = YES_AGGRESSIVE;
				CLANG_WARN_UNREACHABLE_CODE = YES;
				CLANG_WARN__DUPLICATE_METHOD_MATCH = YES;
				COPY_PHASE_STRIP = NO;
				DEBUG_INFORMATION_FORMAT = "dwarf-with-dsym";
				ENABLE_NS_ASSERTIONS = NO;
				ENABLE_STRICT_OBJC_MSGSEND = YES;
				GCC_C_LANGUAGE_STANDARD = gnu11;
				GCC_NO_COMMON_BLOCKS = YES;
				GCC_WARN_64_TO_32_BIT_CONVERSION = YES;
				GCC_WARN_ABOUT_RETURN_TYPE = YES_ERROR;
				GCC_WARN_UNDECLARED_SELECTOR = YES;
				GCC_WARN_UNINITIALIZED_AUTOS = YES_AGGRESSIVE;
				GCC_WARN_UNUSED_FUNCTION = YES;
				GCC_WARN_UNUSED_VARIABLE = YES;
				IPHONEOS_DEPLOYMENT_TARGET = 15.0;
				MTL_ENABLE_DEBUG_INFO = NO;
				MTL_FAST_MATH = YES;
				SDKROOT = iphoneos;
				SWIFT_COMPILATION_MODE = wholemodule;
				SWIFT_OPTIMIZATION_LEVEL = "-O";
				VALIDATE_PRODUCT = YES;
			};
			name = Release;
		};
		B46CA2942768AB1700842CC0 /* Debug */ = {
			isa = XCBuildConfiguration;
			buildSettings = {
				ASSETCATALOG_COMPILER_APPICON_NAME = AppIcon;
				ASSETCATALOG_COMPILER_GLOBAL_ACCENT_COLOR_NAME = AccentColor;
				CODE_SIGN_STYLE = Automatic;
				CURRENT_PROJECT_VERSION = 1;
				DEVELOPMENT_TEAM = ZPS3H473KB;
				GENERATE_INFOPLIST_FILE = YES;
				INFOPLIST_FILE = BioAuth/Info.plist;
				INFOPLIST_KEY_NSFaceIDUsageDescription = "We need to authenticate user with FaceID";
				INFOPLIST_KEY_UIApplicationSupportsIndirectInputEvents = YES;
				INFOPLIST_KEY_UILaunchStoryboardName = LaunchScreen;
				INFOPLIST_KEY_UIMainStoryboardFile = Main;
				INFOPLIST_KEY_UISupportedInterfaceOrientations_iPad = "UIInterfaceOrientationPortrait UIInterfaceOrientationPortraitUpsideDown UIInterfaceOrientationLandscapeLeft UIInterfaceOrientationLandscapeRight";
				INFOPLIST_KEY_UISupportedInterfaceOrientations_iPhone = "UIInterfaceOrientationPortrait UIInterfaceOrientationLandscapeLeft UIInterfaceOrientationLandscapeRight";
				LD_RUNPATH_SEARCH_PATHS = (
					"$(inherited)",
					"@executable_path/Frameworks",
				);
				MARKETING_VERSION = 1.0;
				PRODUCT_BUNDLE_IDENTIFIER = com.brightsummit.BioAuth;
				PRODUCT_NAME = "$(TARGET_NAME)";
				SWIFT_EMIT_LOC_STRINGS = YES;
				SWIFT_VERSION = 5.0;
				TARGETED_DEVICE_FAMILY = "1,2";
			};
			name = Debug;
		};
		B46CA2952768AB1700842CC0 /* Release */ = {
			isa = XCBuildConfiguration;
			buildSettings = {
				ASSETCATALOG_COMPILER_APPICON_NAME = AppIcon;
				ASSETCATALOG_COMPILER_GLOBAL_ACCENT_COLOR_NAME = AccentColor;
				CODE_SIGN_STYLE = Automatic;
				CURRENT_PROJECT_VERSION = 1;
				DEVELOPMENT_TEAM = ZPS3H473KB;
				GENERATE_INFOPLIST_FILE = YES;
				INFOPLIST_FILE = BioAuth/Info.plist;
				INFOPLIST_KEY_NSFaceIDUsageDescription = "We need to authenticate user with FaceID";
				INFOPLIST_KEY_UIApplicationSupportsIndirectInputEvents = YES;
				INFOPLIST_KEY_UILaunchStoryboardName = LaunchScreen;
				INFOPLIST_KEY_UIMainStoryboardFile = Main;
				INFOPLIST_KEY_UISupportedInterfaceOrientations_iPad = "UIInterfaceOrientationPortrait UIInterfaceOrientationPortraitUpsideDown UIInterfaceOrientationLandscapeLeft UIInterfaceOrientationLandscapeRight";
				INFOPLIST_KEY_UISupportedInterfaceOrientations_iPhone = "UIInterfaceOrientationPortrait UIInterfaceOrientationLandscapeLeft UIInterfaceOrientationLandscapeRight";
				LD_RUNPATH_SEARCH_PATHS = (
					"$(inherited)",
					"@executable_path/Frameworks",
				);
				MARKETING_VERSION = 1.0;
				PRODUCT_BUNDLE_IDENTIFIER = com.brightsummit.BioAuth;
				PRODUCT_NAME = "$(TARGET_NAME)";
				SWIFT_EMIT_LOC_STRINGS = YES;
				SWIFT_VERSION = 5.0;
				TARGETED_DEVICE_FAMILY = "1,2";
			};
			name = Release;
		};
		B46CA2972768AB1700842CC0 /* Debug */ = {
			isa = XCBuildConfiguration;
			buildSettings = {
				ALWAYS_EMBED_SWIFT_STANDARD_LIBRARIES = YES;
				BUNDLE_LOADER = "$(TEST_HOST)";
				CODE_SIGN_STYLE = Automatic;
				CURRENT_PROJECT_VERSION = 1;
				DEVELOPMENT_TEAM = ZPS3H473KB;
				GENERATE_INFOPLIST_FILE = YES;
				IPHONEOS_DEPLOYMENT_TARGET = 15.0;
				LD_RUNPATH_SEARCH_PATHS = (
					"$(inherited)",
					"@executable_path/Frameworks",
					"@loader_path/Frameworks",
				);
				MARKETING_VERSION = 1.0;
				PRODUCT_BUNDLE_IDENTIFIER = com.brightsummit.BioAuthTests;
				PRODUCT_NAME = "$(TARGET_NAME)";
				SWIFT_EMIT_LOC_STRINGS = NO;
				SWIFT_VERSION = 5.0;
				TARGETED_DEVICE_FAMILY = "1,2";
				TEST_HOST = "$(BUILT_PRODUCTS_DIR)/BioAuth.app/BioAuth";
			};
			name = Debug;
		};
		B46CA2982768AB1700842CC0 /* Release */ = {
			isa = XCBuildConfiguration;
			buildSettings = {
				ALWAYS_EMBED_SWIFT_STANDARD_LIBRARIES = YES;
				BUNDLE_LOADER = "$(TEST_HOST)";
				CODE_SIGN_STYLE = Automatic;
				CURRENT_PROJECT_VERSION = 1;
				DEVELOPMENT_TEAM = ZPS3H473KB;
				GENERATE_INFOPLIST_FILE = YES;
				IPHONEOS_DEPLOYMENT_TARGET = 15.0;
				LD_RUNPATH_SEARCH_PATHS = (
					"$(inherited)",
					"@executable_path/Frameworks",
					"@loader_path/Frameworks",
				);
				MARKETING_VERSION = 1.0;
				PRODUCT_BUNDLE_IDENTIFIER = com.brightsummit.BioAuthTests;
				PRODUCT_NAME = "$(TARGET_NAME)";
				SWIFT_EMIT_LOC_STRINGS = NO;
				SWIFT_VERSION = 5.0;
				TARGETED_DEVICE_FAMILY = "1,2";
				TEST_HOST = "$(BUILT_PRODUCTS_DIR)/BioAuth.app/BioAuth";
			};
			name = Release;
		};
		B46CA29A2768AB1700842CC0 /* Debug */ = {
			isa = XCBuildConfiguration;
			buildSettings = {
				ALWAYS_EMBED_SWIFT_STANDARD_LIBRARIES = YES;
				CODE_SIGN_STYLE = Automatic;
				CURRENT_PROJECT_VERSION = 1;
				DEVELOPMENT_TEAM = ZPS3H473KB;
				GENERATE_INFOPLIST_FILE = YES;
				LD_RUNPATH_SEARCH_PATHS = (
					"$(inherited)",
					"@executable_path/Frameworks",
					"@loader_path/Frameworks",
				);
				MARKETING_VERSION = 1.0;
				PRODUCT_BUNDLE_IDENTIFIER = com.brightsummit.BioAuthUITests;
				PRODUCT_NAME = "$(TARGET_NAME)";
				SWIFT_EMIT_LOC_STRINGS = NO;
				SWIFT_VERSION = 5.0;
				TARGETED_DEVICE_FAMILY = "1,2";
				TEST_TARGET_NAME = BioAuth;
			};
			name = Debug;
		};
		B46CA29B2768AB1700842CC0 /* Release */ = {
			isa = XCBuildConfiguration;
			buildSettings = {
				ALWAYS_EMBED_SWIFT_STANDARD_LIBRARIES = YES;
				CODE_SIGN_STYLE = Automatic;
				CURRENT_PROJECT_VERSION = 1;
				DEVELOPMENT_TEAM = ZPS3H473KB;
				GENERATE_INFOPLIST_FILE = YES;
				LD_RUNPATH_SEARCH_PATHS = (
					"$(inherited)",
					"@executable_path/Frameworks",
					"@loader_path/Frameworks",
				);
				MARKETING_VERSION = 1.0;
				PRODUCT_BUNDLE_IDENTIFIER = com.brightsummit.BioAuthUITests;
				PRODUCT_NAME = "$(TARGET_NAME)";
				SWIFT_EMIT_LOC_STRINGS = NO;
				SWIFT_VERSION = 5.0;
				TARGETED_DEVICE_FAMILY = "1,2";
				TEST_TARGET_NAME = BioAuth;
			};
			name = Release;
		};
/* End XCBuildConfiguration section */

/* Begin XCConfigurationList section */
		B46CA2642768AB0000842CC0 /* Build configuration list for PBXProject "BioAuth" */ = {
			isa = XCConfigurationList;
			buildConfigurations = (
				B46CA2912768AB1700842CC0 /* Debug */,
				B46CA2922768AB1700842CC0 /* Release */,
			);
			defaultConfigurationIsVisible = 0;
			defaultConfigurationName = Release;
		};
		B46CA2932768AB1700842CC0 /* Build configuration list for PBXNativeTarget "BioAuth" */ = {
			isa = XCConfigurationList;
			buildConfigurations = (
				B46CA2942768AB1700842CC0 /* Debug */,
				B46CA2952768AB1700842CC0 /* Release */,
			);
			defaultConfigurationIsVisible = 0;
			defaultConfigurationName = Release;
		};
		B46CA2962768AB1700842CC0 /* Build configuration list for PBXNativeTarget "BioAuthTests" */ = {
			isa = XCConfigurationList;
			buildConfigurations = (
				B46CA2972768AB1700842CC0 /* Debug */,
				B46CA2982768AB1700842CC0 /* Release */,
			);
			defaultConfigurationIsVisible = 0;
			defaultConfigurationName = Release;
		};
		B46CA2992768AB1700842CC0 /* Build configuration list for PBXNativeTarget "BioAuthUITests" */ = {
			isa = XCConfigurationList;
			buildConfigurations = (
				B46CA29A2768AB1700842CC0 /* Debug */,
				B46CA29B2768AB1700842CC0 /* Release */,
			);
			defaultConfigurationIsVisible = 0;
			defaultConfigurationName = Release;
		};
/* End XCConfigurationList section */
	};
	rootObject = B46CA2612768AB0000842CC0 /* Project object */;
}
